
Microsoft Visual Studio Solution File, Format Version 12.00
# Visual Studio Version 16
VisualStudioVersion = 16.0.30011.22
MinimumVisualStudioVersion = 10.0.40219.1
Project("{FAE04EC0-301F-11D3-BF4B-00C04F79EFBC}") = "Image Cropper", "Image Cropper\Image Cropper.csproj", "{017EC123-57BB-46D0-B16E-20F4AF350FF1}"
EndProject
Global
	GlobalSection(SolutionConfigurationPlatforms) = preSolution
		Debug|Any CPU = Debug|Any CPU
		Release|Any CPU = Release|Any CPU
	EndGlobalSection
	GlobalSection(ProjectConfigurationPlatforms) = postSolution
		{017EC123-57BB-46D0-B16E-20F4AF350FF1}.Debug|Any CPU.ActiveCfg = Debug|Any CPU
		{017EC123-57BB-46D0-B16E-20F4AF350FF1}.Debug|Any CPU.Build.0 = Debug|Any CPU
		{017EC123-57BB-46D0-B16E-20F4AF350FF1}.Release|Any CPU.ActiveCfg = Release|Any CPU
		{017EC123-57BB-46D0-B16E-20F4AF350FF1}.Release|Any CPU.Build.0 = Release|Any CPU
	EndGlobalSection
	GlobalSection(SolutionProperties) = preSolution
		HideSolutionNode = FALSE
	EndGlobalSection
	GlobalSection(ExtensibilityGlobals) = postSolution
		SolutionGuid = {D7C3FE28-E07A-41ED-9636-E11C81331C07}
	EndGlobalSection
EndGlobal
